// !$*UTF8*$!
{
	archiveVersion = 1;
	classes = {
	};
	objectVersion = 56;
	objects = {

/* Begin PBXBuildFile section */
		6C25AE102A1519CC00C119B1 /* Assets.xcassets in Resources */ = {isa = PBXBuildFile; fileRef = 6C25AE0F2A1519CC00C119B1 /* Assets.xcassets */; };
		6C25AE142A1519CC00C119B1 /* Preview Assets.xcassets in Resources */ = {isa = PBXBuildFile; fileRef = 6C25AE132A1519CC00C119B1 /* Preview Assets.xcassets */; };
		6C25AE1E2A1519CC00C119B1 /* StudeoTestTests.swift in Sources */ = {isa = PBXBuildFile; fileRef = 6C25AE1D2A1519CC00C119B1 /* StudeoTestTests.swift */; };
		6C25AE382A151AC400C119B1 /* AppDelegate.swift in Sources */ = {isa = PBXBuildFile; fileRef = 6C25AE372A151AC400C119B1 /* AppDelegate.swift */; };
		6C25AE3A2A151AE300C119B1 /* SceneDelegate.swift in Sources */ = {isa = PBXBuildFile; fileRef = 6C25AE392A151AE300C119B1 /* SceneDelegate.swift */; };
		6C25AE432A15270F00C119B1 /* ViewLifeCycle.swift in Sources */ = {isa = PBXBuildFile; fileRef = 6C25AE412A15270F00C119B1 /* ViewLifeCycle.swift */; };
		6C25AE442A15270F00C119B1 /* CustomHostingController.swift in Sources */ = {isa = PBXBuildFile; fileRef = 6C25AE422A15270F00C119B1 /* CustomHostingController.swift */; };
		6C25AE482A15277B00C119B1 /* NewsView.swift in Sources */ = {isa = PBXBuildFile; fileRef = 6C25AE472A15277B00C119B1 /* NewsView.swift */; };
		6C25AE4A2A1628E900C119B1 /* NewsViewModel.swift in Sources */ = {isa = PBXBuildFile; fileRef = 6C25AE492A1628E900C119B1 /* NewsViewModel.swift */; };
		6C25AE4D2A16295A00C119B1 /* Swinject in Frameworks */ = {isa = PBXBuildFile; productRef = 6C25AE4C2A16295A00C119B1 /* Swinject */; };
		6C25AE502A1629F500C119B1 /* Container.swift in Sources */ = {isa = PBXBuildFile; fileRef = 6C25AE4F2A1629F500C119B1 /* Container.swift */; };
		6C25AE532A162B0900C119B1 /* SwinjectAutoregistration in Frameworks */ = {isa = PBXBuildFile; productRef = 6C25AE522A162B0900C119B1 /* SwinjectAutoregistration */; };
		6C25AE572A16312C00C119B1 /* Key.swift in Sources */ = {isa = PBXBuildFile; fileRef = 6C25AE562A16312C00C119B1 /* Key.swift */; };
		6C25AE5E2A16334200C119B1 /* NetwotkClient.swift in Sources */ = {isa = PBXBuildFile; fileRef = 6C25AE5D2A16334200C119B1 /* NetwotkClient.swift */; };
		6C25AE602A16335300C119B1 /* NetworkPath.swift in Sources */ = {isa = PBXBuildFile; fileRef = 6C25AE5F2A16335300C119B1 /* NetworkPath.swift */; };
		6C25AE622A16337400C119B1 /* URLRequest.swift in Sources */ = {isa = PBXBuildFile; fileRef = 6C25AE612A16337400C119B1 /* URLRequest.swift */; };
		6C25AE652A16341E00C119B1 /* Alamofire in Frameworks */ = {isa = PBXBuildFile; productRef = 6C25AE642A16341E00C119B1 /* Alamofire */; };
		6C25AE6A2A16349E00C119B1 /* EnvironmentStorage.swift in Sources */ = {isa = PBXBuildFile; fileRef = 6C25AE692A16349E00C119B1 /* EnvironmentStorage.swift */; };
		6C25AE6D2A1634FC00C119B1 /* DataRequest.swift in Sources */ = {isa = PBXBuildFile; fileRef = 6C25AE6C2A1634FC00C119B1 /* DataRequest.swift */; };
		6C25AE6F2A16351800C119B1 /* NetworkError.swift in Sources */ = {isa = PBXBuildFile; fileRef = 6C25AE6E2A16351800C119B1 /* NetworkError.swift */; };
		6C25AE722A16356700C119B1 /* DecoderService.swift in Sources */ = {isa = PBXBuildFile; fileRef = 6C25AE712A16356700C119B1 /* DecoderService.swift */; };
		6C25AE742A16359000C119B1 /* DefaultDecoderService.swift in Sources */ = {isa = PBXBuildFile; fileRef = 6C25AE732A16359000C119B1 /* DefaultDecoderService.swift */; };
		6C25AE782A16549E00C119B1 /* NetworkErrorPayload.swift in Sources */ = {isa = PBXBuildFile; fileRef = 6C25AE772A16549E00C119B1 /* NetworkErrorPayload.swift */; };
		6C25AE7B2A1656FE00C119B1 /* URL+network.swift in Sources */ = {isa = PBXBuildFile; fileRef = 6C25AE7A2A1656FE00C119B1 /* URL+network.swift */; };
		6C25AE7F2A16594100C119B1 /* ArticleNewsApiNetworkPayload.swift in Sources */ = {isa = PBXBuildFile; fileRef = 6C25AE7E2A16594100C119B1 /* ArticleNewsApiNetworkPayload.swift */; };
		6C25AE812A165A0D00C119B1 /* EverythingNewsApiNetworkPayload.swift in Sources */ = {isa = PBXBuildFile; fileRef = 6C25AE802A165A0D00C119B1 /* EverythingNewsApiNetworkPayload.swift */; };
		6C25AE842A165A5900C119B1 /* NewsSource.swift in Sources */ = {isa = PBXBuildFile; fileRef = 6C25AE832A165A5900C119B1 /* NewsSource.swift */; };
		6C25AE862A165A8000C119B1 /* NewsNetworkService.swift in Sources */ = {isa = PBXBuildFile; fileRef = 6C25AE852A165A8000C119B1 /* NewsNetworkService.swift */; };
		6C25AE882A165AE500C119B1 /* DefaultNewsNetworkService.swift in Sources */ = {isa = PBXBuildFile; fileRef = 6C25AE872A165AE500C119B1 /* DefaultNewsNetworkService.swift */; };
		6C25AE8B2A165DCF00C119B1 /* URL.swift in Sources */ = {isa = PBXBuildFile; fileRef = 6C25AE8A2A165DCF00C119B1 /* URL.swift */; };
		6C25AE8E2A165DDC00C119B1 /* Require in Frameworks */ = {isa = PBXBuildFile; productRef = 6C25AE8D2A165DDC00C119B1 /* Require */; };
		6C25AE902A165FDB00C119B1 /* NewsPath.swift in Sources */ = {isa = PBXBuildFile; fileRef = 6C25AE8F2A165FDB00C119B1 /* NewsPath.swift */; };
		6C25AE922A16665F00C119B1 /* News.swift in Sources */ = {isa = PBXBuildFile; fileRef = 6C25AE912A16665F00C119B1 /* News.swift */; };
		6C25AE952A16672500C119B1 /* ArrayDomainConversionStrategy.swift in Sources */ = {isa = PBXBuildFile; fileRef = 6C25AE942A16672500C119B1 /* ArrayDomainConversionStrategy.swift */; };
		6C25AE972A16673A00C119B1 /* ModelConvertible.swift in Sources */ = {isa = PBXBuildFile; fileRef = 6C25AE962A16673A00C119B1 /* ModelConvertible.swift */; };
		6C25AE9A2A17544D00C119B1 /* NewsWorker.swift in Sources */ = {isa = PBXBuildFile; fileRef = 6C25AE992A17544D00C119B1 /* NewsWorker.swift */; };
		6C25AE9C2A1754C200C119B1 /* DefaultNewsWorker.swift in Sources */ = {isa = PBXBuildFile; fileRef = 6C25AE9B2A1754C200C119B1 /* DefaultNewsWorker.swift */; };
		6C25AE9F2A176F8100C119B1 /* ArticleGNewsNetworkPayload.swift in Sources */ = {isa = PBXBuildFile; fileRef = 6C25AE9E2A176F8100C119B1 /* ArticleGNewsNetworkPayload.swift */; };
		6C25AEA12A177B5900C119B1 /* SearchGNewsNetworkPayload.swift in Sources */ = {isa = PBXBuildFile; fileRef = 6C25AEA02A177B5900C119B1 /* SearchGNewsNetworkPayload.swift */; };
		6C25AEA42A17848900C119B1 /* ArticleMediastackNetworkPayload.swift in Sources */ = {isa = PBXBuildFile; fileRef = 6C25AEA32A17848900C119B1 /* ArticleMediastackNetworkPayload.swift */; };
		6C25AEA62A17852300C119B1 /* NewsMediastackNetworkPayload.swift in Sources */ = {isa = PBXBuildFile; fileRef = 6C25AEA52A17852300C119B1 /* NewsMediastackNetworkPayload.swift */; };
		6C25AEAB2A1A855F00C119B1 /* NewsRow.swift in Sources */ = {isa = PBXBuildFile; fileRef = 6C25AEAA2A1A855F00C119B1 /* NewsRow.swift */; };
		6C25AEB62A1A98F300C119B1 /* FramePrimitive.swift in Sources */ = {isa = PBXBuildFile; fileRef = 6C25AEB52A1A98F300C119B1 /* FramePrimitive.swift */; };
		6C25AEB92A1A993C00C119B1 /* View.swift in Sources */ = {isa = PBXBuildFile; fileRef = 6C25AEB82A1A993C00C119B1 /* View.swift */; };
		6C25AEBC2A1A99E300C119B1 /* Symbol.swift in Sources */ = {isa = PBXBuildFile; fileRef = 6C25AEBB2A1A99E300C119B1 /* Symbol.swift */; };
		6C25AEBE2A1A9A0700C119B1 /* Image.swift in Sources */ = {isa = PBXBuildFile; fileRef = 6C25AEBD2A1A9A0700C119B1 /* Image.swift */; };
		6C25AEC02A1A9B2C00C119B1 /* Toast.swift in Sources */ = {isa = PBXBuildFile; fileRef = 6C25AEBF2A1A9B2C00C119B1 /* Toast.swift */; };
		6C25AEC22A1A9B9600C119B1 /* SpacingPrimitive.swift in Sources */ = {isa = PBXBuildFile; fileRef = 6C25AEC12A1A9B9600C119B1 /* SpacingPrimitive.swift */; };
		6C25AEC42A1A9BCC00C119B1 /* HStack.swift in Sources */ = {isa = PBXBuildFile; fileRef = 6C25AEC32A1A9BCC00C119B1 /* HStack.swift */; };
		6C25AEC62A1A9C1100C119B1 /* MarginPrimitive.swift in Sources */ = {isa = PBXBuildFile; fileRef = 6C25AEC52A1A9C1100C119B1 /* MarginPrimitive.swift */; };
		6C25AEC82A1A9C7500C119B1 /* CornerRadiusPrimitive.swift in Sources */ = {isa = PBXBuildFile; fileRef = 6C25AEC72A1A9C7500C119B1 /* CornerRadiusPrimitive.swift */; };
		6C25AECA2A1A9C8700C119B1 /* RoundedRectangle.swift in Sources */ = {isa = PBXBuildFile; fileRef = 6C25AEC92A1A9C8700C119B1 /* RoundedRectangle.swift */; };
		6C25AECC2A1A9DE500C119B1 /* Optional.swift in Sources */ = {isa = PBXBuildFile; fileRef = 6C25AECB2A1A9DE500C119B1 /* Optional.swift */; };
		6C25AED22A1AAF1400C119B1 /* NewsRouter.swift in Sources */ = {isa = PBXBuildFile; fileRef = 6C25AED12A1AAF1400C119B1 /* NewsRouter.swift */; };
		6C25AED62A1AB21900C119B1 /* Localizable.strings in Resources */ = {isa = PBXBuildFile; fileRef = 6C25AED82A1AB21900C119B1 /* Localizable.strings */; };
		6C25AEDC2A1AB79D00C119B1 /* Strings.swift in Sources */ = {isa = PBXBuildFile; fileRef = 6C25AEDB2A1AB79D00C119B1 /* Strings.swift */; };
		6C25AEDE2A1AB90A00C119B1 /* DateFormatter.swift in Sources */ = {isa = PBXBuildFile; fileRef = 6C25AEDD2A1AB90A00C119B1 /* DateFormatter.swift */; };
		6C25AEED2A1ABA4900C119B1 /* Colors.xcassets in Resources */ = {isa = PBXBuildFile; fileRef = 6C25AEEC2A1ABA4900C119B1 /* Colors.xcassets */; };
		6C25AEEF2A1ABACF00C119B1 /* Colors.swift in Sources */ = {isa = PBXBuildFile; fileRef = 6C25AEEE2A1ABACF00C119B1 /* Colors.swift */; };
		6C25AEF12A1ABDF900C119B1 /* Assets.swift in Sources */ = {isa = PBXBuildFile; fileRef = 6C25AEF02A1ABDF900C119B1 /* Assets.swift */; };
		6C25AEF32A1ABECE00C119B1 /* VStack.swift in Sources */ = {isa = PBXBuildFile; fileRef = 6C25AEF22A1ABECE00C119B1 /* VStack.swift */; };
		6C25AEF92A1B657300C119B1 /* ErrorFormat.swift in Sources */ = {isa = PBXBuildFile; fileRef = 6C25AEF82A1B657300C119B1 /* ErrorFormat.swift */; };
		6C25AEFC2A1B699B00C119B1 /* InstantMock in Frameworks */ = {isa = PBXBuildFile; productRef = 6C25AEFB2A1B699B00C119B1 /* InstantMock */; };
		6C25AEFF2A1B69B900C119B1 /* OHHTTPStubs in Frameworks */ = {isa = PBXBuildFile; productRef = 6C25AEFE2A1B69B900C119B1 /* OHHTTPStubs */; };
		6C25AF062A1B6A2800C119B1 /* TestObjectFactory.swift in Sources */ = {isa = PBXBuildFile; fileRef = 6C25AF052A1B6A2800C119B1 /* TestObjectFactory.swift */; };
		6C25AF092A1B6BF400C119B1 /* TestError.swift in Sources */ = {isa = PBXBuildFile; fileRef = 6C25AF082A1B6BF400C119B1 /* TestError.swift */; };
		6C25AF0C2A1B6C1600C119B1 /* Article.swift in Sources */ = {isa = PBXBuildFile; fileRef = 6C25AF0B2A1B6C1600C119B1 /* Article.swift */; };
		6C25AF102A1B6CC600C119B1 /* ArticleNetworkServiceMock.swift in Sources */ = {isa = PBXBuildFile; fileRef = 6C25AF0F2A1B6CC600C119B1 /* ArticleNetworkServiceMock.swift */; };
		6C25AF122A1B6DC100C119B1 /* ArticleSource.swift in Sources */ = {isa = PBXBuildFile; fileRef = 6C25AF112A1B6DC100C119B1 /* ArticleSource.swift */; };
		6C25AF162A1B6EC100C119B1 /* ArticleWorkerDelegateMock.swift in Sources */ = {isa = PBXBuildFile; fileRef = 6C25AF152A1B6EC100C119B1 /* ArticleWorkerDelegateMock.swift */; };
		6C25AF182A1B6F1100C119B1 /* ArticleWorkerMock.swift in Sources */ = {isa = PBXBuildFile; fileRef = 6C25AF172A1B6F1100C119B1 /* ArticleWorkerMock.swift */; };
		6C25AF1B2A1B73C500C119B1 /* ArticlesViewModelTests.swift in Sources */ = {isa = PBXBuildFile; fileRef = 6C25AF1A2A1B73C500C119B1 /* ArticlesViewModelTests.swift */; };
		6C25AF1F2A1B745000C119B1 /* ArticlesRoutingMock.swift in Sources */ = {isa = PBXBuildFile; fileRef = 6C25AF1E2A1B745000C119B1 /* ArticlesRoutingMock.swift */; };
		6C25AF232A1B78D400C119B1 /* Toast.swift in Sources */ = {isa = PBXBuildFile; fileRef = 6C25AF222A1B78D400C119B1 /* Toast.swift */; };
		6C25AF262A1B7A8E00C119B1 /* URL.swift in Sources */ = {isa = PBXBuildFile; fileRef = 6C25AF252A1B7A8E00C119B1 /* URL.swift */; };
/* End PBXBuildFile section */

/* Begin PBXContainerItemProxy section */
		6C25AE1A2A1519CC00C119B1 /* PBXContainerItemProxy */ = {
			isa = PBXContainerItemProxy;
			containerPortal = 6C25AE002A1519CB00C119B1 /* Project object */;
			proxyType = 1;
			remoteGlobalIDString = 6C25AE072A1519CB00C119B1;
			remoteInfo = StudeoTest;
		};
/* End PBXContainerItemProxy section */

/* Begin PBXFileReference section */
		6C25AE082A1519CB00C119B1 /* StudeoTest.app */ = {isa = PBXFileReference; explicitFileType = wrapper.application; includeInIndex = 0; path = StudeoTest.app; sourceTree = BUILT_PRODUCTS_DIR; };
		6C25AE0F2A1519CC00C119B1 /* Assets.xcassets */ = {isa = PBXFileReference; lastKnownFileType = folder.assetcatalog; path = Assets.xcassets; sourceTree = "<group>"; };
		6C25AE112A1519CC00C119B1 /* StudeoTest.entitlements */ = {isa = PBXFileReference; lastKnownFileType = text.plist.entitlements; path = StudeoTest.entitlements; sourceTree = "<group>"; };
		6C25AE132A1519CC00C119B1 /* Preview Assets.xcassets */ = {isa = PBXFileReference; lastKnownFileType = folder.assetcatalog; path = "Preview Assets.xcassets"; sourceTree = "<group>"; };
		6C25AE192A1519CC00C119B1 /* StudeoTestTests.xctest */ = {isa = PBXFileReference; explicitFileType = wrapper.cfbundle; includeInIndex = 0; path = StudeoTestTests.xctest; sourceTree = BUILT_PRODUCTS_DIR; };
		6C25AE1D2A1519CC00C119B1 /* StudeoTestTests.swift */ = {isa = PBXFileReference; lastKnownFileType = sourcecode.swift; path = StudeoTestTests.swift; sourceTree = "<group>"; };
		6C25AE372A151AC400C119B1 /* AppDelegate.swift */ = {isa = PBXFileReference; lastKnownFileType = sourcecode.swift; path = AppDelegate.swift; sourceTree = "<group>"; };
		6C25AE392A151AE300C119B1 /* SceneDelegate.swift */ = {isa = PBXFileReference; lastKnownFileType = sourcecode.swift; path = SceneDelegate.swift; sourceTree = "<group>"; };
		6C25AE3C2A151C9A00C119B1 /* Info.plist */ = {isa = PBXFileReference; fileEncoding = 4; lastKnownFileType = text.plist.xml; path = Info.plist; sourceTree = "<group>"; };
		6C25AE412A15270F00C119B1 /* ViewLifeCycle.swift */ = {isa = PBXFileReference; fileEncoding = 4; lastKnownFileType = sourcecode.swift; path = ViewLifeCycle.swift; sourceTree = "<group>"; };
		6C25AE422A15270F00C119B1 /* CustomHostingController.swift */ = {isa = PBXFileReference; fileEncoding = 4; lastKnownFileType = sourcecode.swift; path = CustomHostingController.swift; sourceTree = "<group>"; };
		6C25AE472A15277B00C119B1 /* NewsView.swift */ = {isa = PBXFileReference; lastKnownFileType = sourcecode.swift; path = NewsView.swift; sourceTree = "<group>"; };
		6C25AE492A1628E900C119B1 /* NewsViewModel.swift */ = {isa = PBXFileReference; lastKnownFileType = sourcecode.swift; path = NewsViewModel.swift; sourceTree = "<group>"; };
		6C25AE4F2A1629F500C119B1 /* Container.swift */ = {isa = PBXFileReference; lastKnownFileType = sourcecode.swift; path = Container.swift; sourceTree = "<group>"; };
		6C25AE562A16312C00C119B1 /* Key.swift */ = {isa = PBXFileReference; lastKnownFileType = sourcecode.swift; path = Key.swift; sourceTree = "<group>"; };
		6C25AE5D2A16334200C119B1 /* NetwotkClient.swift */ = {isa = PBXFileReference; lastKnownFileType = sourcecode.swift; path = NetwotkClient.swift; sourceTree = "<group>"; };
		6C25AE5F2A16335300C119B1 /* NetworkPath.swift */ = {isa = PBXFileReference; lastKnownFileType = sourcecode.swift; path = NetworkPath.swift; sourceTree = "<group>"; };
		6C25AE612A16337400C119B1 /* URLRequest.swift */ = {isa = PBXFileReference; lastKnownFileType = sourcecode.swift; path = URLRequest.swift; sourceTree = "<group>"; };
		6C25AE692A16349E00C119B1 /* EnvironmentStorage.swift */ = {isa = PBXFileReference; lastKnownFileType = sourcecode.swift; path = EnvironmentStorage.swift; sourceTree = "<group>"; };
		6C25AE6C2A1634FC00C119B1 /* DataRequest.swift */ = {isa = PBXFileReference; lastKnownFileType = sourcecode.swift; path = DataRequest.swift; sourceTree = "<group>"; };
		6C25AE6E2A16351800C119B1 /* NetworkError.swift */ = {isa = PBXFileReference; lastKnownFileType = sourcecode.swift; path = NetworkError.swift; sourceTree = "<group>"; };
		6C25AE712A16356700C119B1 /* DecoderService.swift */ = {isa = PBXFileReference; lastKnownFileType = sourcecode.swift; path = DecoderService.swift; sourceTree = "<group>"; };
		6C25AE732A16359000C119B1 /* DefaultDecoderService.swift */ = {isa = PBXFileReference; lastKnownFileType = sourcecode.swift; path = DefaultDecoderService.swift; sourceTree = "<group>"; };
		6C25AE772A16549E00C119B1 /* NetworkErrorPayload.swift */ = {isa = PBXFileReference; lastKnownFileType = sourcecode.swift; path = NetworkErrorPayload.swift; sourceTree = "<group>"; };
		6C25AE7A2A1656FE00C119B1 /* URL+network.swift */ = {isa = PBXFileReference; lastKnownFileType = sourcecode.swift; path = "URL+network.swift"; sourceTree = "<group>"; };
		6C25AE7E2A16594100C119B1 /* ArticleNewsApiNetworkPayload.swift */ = {isa = PBXFileReference; lastKnownFileType = sourcecode.swift; path = ArticleNewsApiNetworkPayload.swift; sourceTree = "<group>"; };
		6C25AE802A165A0D00C119B1 /* EverythingNewsApiNetworkPayload.swift */ = {isa = PBXFileReference; lastKnownFileType = sourcecode.swift; path = EverythingNewsApiNetworkPayload.swift; sourceTree = "<group>"; };
		6C25AE832A165A5900C119B1 /* NewsSource.swift */ = {isa = PBXFileReference; lastKnownFileType = sourcecode.swift; path = NewsSource.swift; sourceTree = "<group>"; };
		6C25AE852A165A8000C119B1 /* NewsNetworkService.swift */ = {isa = PBXFileReference; lastKnownFileType = sourcecode.swift; path = NewsNetworkService.swift; sourceTree = "<group>"; };
		6C25AE872A165AE500C119B1 /* DefaultNewsNetworkService.swift */ = {isa = PBXFileReference; lastKnownFileType = sourcecode.swift; path = DefaultNewsNetworkService.swift; sourceTree = "<group>"; };
		6C25AE8A2A165DCF00C119B1 /* URL.swift */ = {isa = PBXFileReference; lastKnownFileType = sourcecode.swift; path = URL.swift; sourceTree = "<group>"; };
		6C25AE8F2A165FDB00C119B1 /* NewsPath.swift */ = {isa = PBXFileReference; lastKnownFileType = sourcecode.swift; path = NewsPath.swift; sourceTree = "<group>"; };
		6C25AE912A16665F00C119B1 /* News.swift */ = {isa = PBXFileReference; lastKnownFileType = sourcecode.swift; path = News.swift; sourceTree = "<group>"; };
		6C25AE942A16672500C119B1 /* ArrayDomainConversionStrategy.swift */ = {isa = PBXFileReference; lastKnownFileType = sourcecode.swift; path = ArrayDomainConversionStrategy.swift; sourceTree = "<group>"; };
		6C25AE962A16673A00C119B1 /* ModelConvertible.swift */ = {isa = PBXFileReference; lastKnownFileType = sourcecode.swift; path = ModelConvertible.swift; sourceTree = "<group>"; };
		6C25AE992A17544D00C119B1 /* NewsWorker.swift */ = {isa = PBXFileReference; lastKnownFileType = sourcecode.swift; path = NewsWorker.swift; sourceTree = "<group>"; };
		6C25AE9B2A1754C200C119B1 /* DefaultNewsWorker.swift */ = {isa = PBXFileReference; lastKnownFileType = sourcecode.swift; path = DefaultNewsWorker.swift; sourceTree = "<group>"; };
		6C25AE9E2A176F8100C119B1 /* ArticleGNewsNetworkPayload.swift */ = {isa = PBXFileReference; lastKnownFileType = sourcecode.swift; path = ArticleGNewsNetworkPayload.swift; sourceTree = "<group>"; };
		6C25AEA02A177B5900C119B1 /* SearchGNewsNetworkPayload.swift */ = {isa = PBXFileReference; lastKnownFileType = sourcecode.swift; path = SearchGNewsNetworkPayload.swift; sourceTree = "<group>"; };
		6C25AEA32A17848900C119B1 /* ArticleMediastackNetworkPayload.swift */ = {isa = PBXFileReference; lastKnownFileType = sourcecode.swift; path = ArticleMediastackNetworkPayload.swift; sourceTree = "<group>"; };
		6C25AEA52A17852300C119B1 /* NewsMediastackNetworkPayload.swift */ = {isa = PBXFileReference; lastKnownFileType = sourcecode.swift; path = NewsMediastackNetworkPayload.swift; sourceTree = "<group>"; };
		6C25AEAA2A1A855F00C119B1 /* NewsRow.swift */ = {isa = PBXFileReference; lastKnownFileType = sourcecode.swift; path = NewsRow.swift; sourceTree = "<group>"; };
		6C25AEB52A1A98F300C119B1 /* FramePrimitive.swift */ = {isa = PBXFileReference; lastKnownFileType = sourcecode.swift; path = FramePrimitive.swift; sourceTree = "<group>"; };
		6C25AEB82A1A993C00C119B1 /* View.swift */ = {isa = PBXFileReference; lastKnownFileType = sourcecode.swift; path = View.swift; sourceTree = "<group>"; };
		6C25AEBB2A1A99E300C119B1 /* Symbol.swift */ = {isa = PBXFileReference; lastKnownFileType = sourcecode.swift; path = Symbol.swift; sourceTree = "<group>"; };
		6C25AEBD2A1A9A0700C119B1 /* Image.swift */ = {isa = PBXFileReference; lastKnownFileType = sourcecode.swift; path = Image.swift; sourceTree = "<group>"; };
		6C25AEBF2A1A9B2C00C119B1 /* Toast.swift */ = {isa = PBXFileReference; lastKnownFileType = sourcecode.swift; path = Toast.swift; sourceTree = "<group>"; };
		6C25AEC12A1A9B9600C119B1 /* SpacingPrimitive.swift */ = {isa = PBXFileReference; lastKnownFileType = sourcecode.swift; path = SpacingPrimitive.swift; sourceTree = "<group>"; };
		6C25AEC32A1A9BCC00C119B1 /* HStack.swift */ = {isa = PBXFileReference; lastKnownFileType = sourcecode.swift; path = HStack.swift; sourceTree = "<group>"; };
		6C25AEC52A1A9C1100C119B1 /* MarginPrimitive.swift */ = {isa = PBXFileReference; lastKnownFileType = sourcecode.swift; path = MarginPrimitive.swift; sourceTree = "<group>"; };
		6C25AEC72A1A9C7500C119B1 /* CornerRadiusPrimitive.swift */ = {isa = PBXFileReference; lastKnownFileType = sourcecode.swift; path = CornerRadiusPrimitive.swift; sourceTree = "<group>"; };
		6C25AEC92A1A9C8700C119B1 /* RoundedRectangle.swift */ = {isa = PBXFileReference; lastKnownFileType = sourcecode.swift; path = RoundedRectangle.swift; sourceTree = "<group>"; };
		6C25AECB2A1A9DE500C119B1 /* Optional.swift */ = {isa = PBXFileReference; lastKnownFileType = sourcecode.swift; path = Optional.swift; sourceTree = "<group>"; };
		6C25AED12A1AAF1400C119B1 /* NewsRouter.swift */ = {isa = PBXFileReference; lastKnownFileType = sourcecode.swift; path = NewsRouter.swift; sourceTree = "<group>"; };
		6C25AED72A1AB21900C119B1 /* en */ = {isa = PBXFileReference; lastKnownFileType = text.plist.strings; name = en; path = en.lproj/Localizable.strings; sourceTree = "<group>"; };
		6C25AEDB2A1AB79D00C119B1 /* Strings.swift */ = {isa = PBXFileReference; fileEncoding = 4; lastKnownFileType = sourcecode.swift; path = Strings.swift; sourceTree = "<group>"; };
		6C25AEDD2A1AB90A00C119B1 /* DateFormatter.swift */ = {isa = PBXFileReference; lastKnownFileType = sourcecode.swift; path = DateFormatter.swift; sourceTree = "<group>"; };
		6C25AEEC2A1ABA4900C119B1 /* Colors.xcassets */ = {isa = PBXFileReference; lastKnownFileType = folder.assetcatalog; path = Colors.xcassets; sourceTree = "<group>"; };
		6C25AEEE2A1ABACF00C119B1 /* Colors.swift */ = {isa = PBXFileReference; fileEncoding = 4; lastKnownFileType = sourcecode.swift; path = Colors.swift; sourceTree = "<group>"; };
		6C25AEF02A1ABDF900C119B1 /* Assets.swift */ = {isa = PBXFileReference; fileEncoding = 4; lastKnownFileType = sourcecode.swift; path = Assets.swift; sourceTree = "<group>"; };
		6C25AEF22A1ABECE00C119B1 /* VStack.swift */ = {isa = PBXFileReference; lastKnownFileType = sourcecode.swift; path = VStack.swift; sourceTree = "<group>"; };
		6C25AEF82A1B657300C119B1 /* ErrorFormat.swift */ = {isa = PBXFileReference; lastKnownFileType = sourcecode.swift; path = ErrorFormat.swift; sourceTree = "<group>"; };
		6C25AF052A1B6A2800C119B1 /* TestObjectFactory.swift */ = {isa = PBXFileReference; lastKnownFileType = sourcecode.swift; path = TestObjectFactory.swift; sourceTree = "<group>"; };
		6C25AF082A1B6BF400C119B1 /* TestError.swift */ = {isa = PBXFileReference; lastKnownFileType = sourcecode.swift; path = TestError.swift; sourceTree = "<group>"; };
		6C25AF0B2A1B6C1600C119B1 /* Article.swift */ = {isa = PBXFileReference; lastKnownFileType = sourcecode.swift; path = Article.swift; sourceTree = "<group>"; };
		6C25AF0F2A1B6CC600C119B1 /* ArticleNetworkServiceMock.swift */ = {isa = PBXFileReference; lastKnownFileType = sourcecode.swift; path = ArticleNetworkServiceMock.swift; sourceTree = "<group>"; };
		6C25AF112A1B6DC100C119B1 /* ArticleSource.swift */ = {isa = PBXFileReference; lastKnownFileType = sourcecode.swift; path = ArticleSource.swift; sourceTree = "<group>"; };
		6C25AF152A1B6EC100C119B1 /* ArticleWorkerDelegateMock.swift */ = {isa = PBXFileReference; lastKnownFileType = sourcecode.swift; path = ArticleWorkerDelegateMock.swift; sourceTree = "<group>"; };
		6C25AF172A1B6F1100C119B1 /* ArticleWorkerMock.swift */ = {isa = PBXFileReference; lastKnownFileType = sourcecode.swift; path = ArticleWorkerMock.swift; sourceTree = "<group>"; };
		6C25AF1A2A1B73C500C119B1 /* ArticlesViewModelTests.swift */ = {isa = PBXFileReference; lastKnownFileType = sourcecode.swift; path = ArticlesViewModelTests.swift; sourceTree = "<group>"; };
		6C25AF1E2A1B745000C119B1 /* ArticlesRoutingMock.swift */ = {isa = PBXFileReference; lastKnownFileType = sourcecode.swift; path = ArticlesRoutingMock.swift; sourceTree = "<group>"; };
		6C25AF222A1B78D400C119B1 /* Toast.swift */ = {isa = PBXFileReference; lastKnownFileType = sourcecode.swift; path = Toast.swift; sourceTree = "<group>"; };
		6C25AF252A1B7A8E00C119B1 /* URL.swift */ = {isa = PBXFileReference; lastKnownFileType = sourcecode.swift; path = URL.swift; sourceTree = "<group>"; };
/* End PBXFileReference section */

/* Begin PBXFrameworksBuildPhase section */
		6C25AE052A1519CB00C119B1 /* Frameworks */ = {
			isa = PBXFrameworksBuildPhase;
			buildActionMask = 2147483647;
			files = (
				6C25AE8E2A165DDC00C119B1 /* Require in Frameworks */,
				6C25AE652A16341E00C119B1 /* Alamofire in Frameworks */,
				6C25AE4D2A16295A00C119B1 /* Swinject in Frameworks */,
				6C25AE532A162B0900C119B1 /* SwinjectAutoregistration in Frameworks */,
			);
			runOnlyForDeploymentPostprocessing = 0;
		};
		6C25AE162A1519CC00C119B1 /* Frameworks */ = {
			isa = PBXFrameworksBuildPhase;
			buildActionMask = 2147483647;
			files = (
				6C25AEFC2A1B699B00C119B1 /* InstantMock in Frameworks */,
				6C25AEFF2A1B69B900C119B1 /* OHHTTPStubs in Frameworks */,
			);
			runOnlyForDeploymentPostprocessing = 0;
		};
/* End PBXFrameworksBuildPhase section */

/* Begin PBXGroup section */
		6C25ADFF2A1519CB00C119B1 = {
			isa = PBXGroup;
			children = (
				6C25AE0A2A1519CB00C119B1 /* StudeoTest */,
				6C25AE1C2A1519CC00C119B1 /* StudeoTestTests */,
				6C25AE092A1519CB00C119B1 /* Products */,
				6C25AE512A162B0900C119B1 /* Frameworks */,
			);
			sourceTree = "<group>";
		};
		6C25AE092A1519CB00C119B1 /* Products */ = {
			isa = PBXGroup;
			children = (
				6C25AE082A1519CB00C119B1 /* StudeoTest.app */,
				6C25AE192A1519CC00C119B1 /* StudeoTestTests.xctest */,
			);
			name = Products;
			sourceTree = "<group>";
		};
		6C25AE0A2A1519CB00C119B1 /* StudeoTest */ = {
			isa = PBXGroup;
			children = (
				6C25AE112A1519CC00C119B1 /* StudeoTest.entitlements */,
				6C25AE542A16311800C119B1 /* Data */,
				6C25AEA72A1A852B00C119B1 /* Design */,
				6C25AE892A165DBF00C119B1 /* Extension */,
				6C25AE362A151A7400C119B1 /* Main */,
				6C25AE122A1519CC00C119B1 /* Preview Content */,
				6C25AE3B2A151B1900C119B1 /* Resources */,
				6C25AE452A15274700C119B1 /* Scenes */,
				6C25AE402A15270F00C119B1 /* UI Birdges */,
			);
			path = StudeoTest;
			sourceTree = "<group>";
		};
		6C25AE122A1519CC00C119B1 /* Preview Content */ = {
			isa = PBXGroup;
			children = (
				6C25AE132A1519CC00C119B1 /* Preview Assets.xcassets */,
			);
			path = "Preview Content";
			sourceTree = "<group>";
		};
		6C25AE1C2A1519CC00C119B1 /* StudeoTestTests */ = {
			isa = PBXGroup;
			children = (
				6C25AE1D2A1519CC00C119B1 /* StudeoTestTests.swift */,
				6C25AF002A1B69C700C119B1 /* Common */,
				6C25AF012A1B69DE00C119B1 /* Mock */,
				6C25AF022A1B69E700C119B1 /* Scenes */,
				6C25AF032A1B69ED00C119B1 /* Services */,
				6C25AF042A1B69F400C119B1 /* Workers */,
			);
			path = StudeoTestTests;
			sourceTree = "<group>";
		};
		6C25AE362A151A7400C119B1 /* Main */ = {
			isa = PBXGroup;
			children = (
				6C25AE372A151AC400C119B1 /* AppDelegate.swift */,
				6C25AE392A151AE300C119B1 /* SceneDelegate.swift */,
				6C25AE4F2A1629F500C119B1 /* Container.swift */,
			);
			path = Main;
			sourceTree = "<group>";
		};
		6C25AE3B2A151B1900C119B1 /* Resources */ = {
			isa = PBXGroup;
			children = (
				6C25AE3C2A151C9A00C119B1 /* Info.plist */,
				6C25AE0F2A1519CC00C119B1 /* Assets.xcassets */,
				6C25AEEC2A1ABA4900C119B1 /* Colors.xcassets */,
				6C25AED32A1AB1FA00C119B1 /* Generated */,
				6C25AED82A1AB21900C119B1 /* Localizable.strings */,
			);
			path = Resources;
			sourceTree = "<group>";
		};
		6C25AE402A15270F00C119B1 /* UI Birdges */ = {
			isa = PBXGroup;
			children = (
				6C25AE412A15270F00C119B1 /* ViewLifeCycle.swift */,
				6C25AE422A15270F00C119B1 /* CustomHostingController.swift */,
			);
			path = "UI Birdges";
			sourceTree = "<group>";
		};
		6C25AE452A15274700C119B1 /* Scenes */ = {
			isa = PBXGroup;
			children = (
				6C25AE462A15276100C119B1 /* News */,
			);
			path = Scenes;
			sourceTree = "<group>";
		};
		6C25AE462A15276100C119B1 /* News */ = {
			isa = PBXGroup;
			children = (
				6C25AE472A15277B00C119B1 /* NewsView.swift */,
				6C25AE492A1628E900C119B1 /* NewsViewModel.swift */,
				6C25AED12A1AAF1400C119B1 /* NewsRouter.swift */,
			);
			path = News;
			sourceTree = "<group>";
		};
		6C25AE512A162B0900C119B1 /* Frameworks */ = {
			isa = PBXGroup;
			children = (
			);
			name = Frameworks;
			sourceTree = "<group>";
		};
		6C25AE542A16311800C119B1 /* Data */ = {
			isa = PBXGroup;
			children = (
				6C25AE582A16325900C119B1 /* Model */,
				6C25AE552A16311E00C119B1 /* Resources */,
				6C25AE592A16326000C119B1 /* Services */,
				6C25AE5A2A16326700C119B1 /* Workers */,
			);
			path = Data;
			sourceTree = "<group>";
		};
		6C25AE552A16311E00C119B1 /* Resources */ = {
			isa = PBXGroup;
			children = (
				6C25AE562A16312C00C119B1 /* Key.swift */,
				6C25AE7A2A1656FE00C119B1 /* URL+network.swift */,
			);
			path = Resources;
			sourceTree = "<group>";
		};
		6C25AE582A16325900C119B1 /* Model */ = {
			isa = PBXGroup;
			children = (
				6C25AE822A165A4C00C119B1 /* News */,
			);
			path = Model;
			sourceTree = "<group>";
		};
		6C25AE592A16326000C119B1 /* Services */ = {
			isa = PBXGroup;
			children = (
				6C25AE932A16671200C119B1 /* Convertible */,
				6C25AE702A16354F00C119B1 /* Decoder */,
				6C25AE682A16347F00C119B1 /* Environment */,
				6C25AE5B2A1632A200C119B1 /* Network */,
			);
			path = Services;
			sourceTree = "<group>";
		};
		6C25AE5A2A16326700C119B1 /* Workers */ = {
			isa = PBXGroup;
			children = (
				6C25AE982A17544000C119B1 /* News */,
			);
			path = Workers;
			sourceTree = "<group>";
		};
		6C25AE5B2A1632A200C119B1 /* Network */ = {
			isa = PBXGroup;
			children = (
				6C25AE5C2A1632CE00C119B1 /* Client */,
				6C25AE752A1635C000C119B1 /* Error */,
				6C25AE792A1656AA00C119B1 /* News */,
			);
			path = Network;
			sourceTree = "<group>";
		};
		6C25AE5C2A1632CE00C119B1 /* Client */ = {
			isa = PBXGroup;
			children = (
				6C25AE5F2A16335300C119B1 /* NetworkPath.swift */,
				6C25AE6C2A1634FC00C119B1 /* DataRequest.swift */,
				6C25AE5D2A16334200C119B1 /* NetwotkClient.swift */,
				6C25AE612A16337400C119B1 /* URLRequest.swift */,
			);
			path = Client;
			sourceTree = "<group>";
		};
		6C25AE682A16347F00C119B1 /* Environment */ = {
			isa = PBXGroup;
			children = (
				6C25AE692A16349E00C119B1 /* EnvironmentStorage.swift */,
			);
			path = Environment;
			sourceTree = "<group>";
		};
		6C25AE702A16354F00C119B1 /* Decoder */ = {
			isa = PBXGroup;
			children = (
				6C25AE712A16356700C119B1 /* DecoderService.swift */,
				6C25AE732A16359000C119B1 /* DefaultDecoderService.swift */,
			);
			path = Decoder;
			sourceTree = "<group>";
		};
		6C25AE752A1635C000C119B1 /* Error */ = {
			isa = PBXGroup;
			children = (
				6C25AE6E2A16351800C119B1 /* NetworkError.swift */,
				6C25AE762A1635D000C119B1 /* Payload */,
			);
			path = Error;
			sourceTree = "<group>";
		};
		6C25AE762A1635D000C119B1 /* Payload */ = {
			isa = PBXGroup;
			children = (
				6C25AE772A16549E00C119B1 /* NetworkErrorPayload.swift */,
			);
			path = Payload;
			sourceTree = "<group>";
		};
		6C25AE792A1656AA00C119B1 /* News */ = {
			isa = PBXGroup;
			children = (
				6C25AE872A165AE500C119B1 /* DefaultNewsNetworkService.swift */,
				6C25AE852A165A8000C119B1 /* NewsNetworkService.swift */,
				6C25AE8F2A165FDB00C119B1 /* NewsPath.swift */,
				6C25AE7C2A1658E300C119B1 /* Payload */,
			);
			path = News;
			sourceTree = "<group>";
		};
		6C25AE7C2A1658E300C119B1 /* Payload */ = {
			isa = PBXGroup;
			children = (
				6C25AE9D2A176F4B00C119B1 /* GnewsApi */,
				6C25AEA22A17846C00C119B1 /* Mediastack */,
				6C25AE7D2A16591D00C119B1 /* NewsApi */,
			);
			path = Payload;
			sourceTree = "<group>";
		};
		6C25AE7D2A16591D00C119B1 /* NewsApi */ = {
			isa = PBXGroup;
			children = (
				6C25AE7E2A16594100C119B1 /* ArticleNewsApiNetworkPayload.swift */,
				6C25AE802A165A0D00C119B1 /* EverythingNewsApiNetworkPayload.swift */,
			);
			path = NewsApi;
			sourceTree = "<group>";
		};
		6C25AE822A165A4C00C119B1 /* News */ = {
			isa = PBXGroup;
			children = (
				6C25AE832A165A5900C119B1 /* NewsSource.swift */,
				6C25AE912A16665F00C119B1 /* News.swift */,
			);
			path = News;
			sourceTree = "<group>";
		};
		6C25AE892A165DBF00C119B1 /* Extension */ = {
			isa = PBXGroup;
			children = (
				6C25AE8A2A165DCF00C119B1 /* URL.swift */,
				6C25AECB2A1A9DE500C119B1 /* Optional.swift */,
				6C25AEDD2A1AB90A00C119B1 /* DateFormatter.swift */,
			);
			path = Extension;
			sourceTree = "<group>";
		};
		6C25AE932A16671200C119B1 /* Convertible */ = {
			isa = PBXGroup;
			children = (
				6C25AE942A16672500C119B1 /* ArrayDomainConversionStrategy.swift */,
				6C25AE962A16673A00C119B1 /* ModelConvertible.swift */,
			);
			path = Convertible;
			sourceTree = "<group>";
		};
		6C25AE982A17544000C119B1 /* News */ = {
			isa = PBXGroup;
			children = (
				6C25AE992A17544D00C119B1 /* NewsWorker.swift */,
				6C25AE9B2A1754C200C119B1 /* DefaultNewsWorker.swift */,
			);
			path = News;
			sourceTree = "<group>";
		};
		6C25AE9D2A176F4B00C119B1 /* GnewsApi */ = {
			isa = PBXGroup;
			children = (
				6C25AE9E2A176F8100C119B1 /* ArticleGNewsNetworkPayload.swift */,
				6C25AEA02A177B5900C119B1 /* SearchGNewsNetworkPayload.swift */,
			);
			path = GnewsApi;
			sourceTree = "<group>";
		};
		6C25AEA22A17846C00C119B1 /* Mediastack */ = {
			isa = PBXGroup;
			children = (
				6C25AEA32A17848900C119B1 /* ArticleMediastackNetworkPayload.swift */,
				6C25AEA52A17852300C119B1 /* NewsMediastackNetworkPayload.swift */,
			);
			path = Mediastack;
			sourceTree = "<group>";
		};
		6C25AEA72A1A852B00C119B1 /* Design */ = {
			isa = PBXGroup;
			children = (
				6C25AEA82A1A854700C119B1 /* Components */,
				6C25AEB32A1A98DE00C119B1 /* UI */,
			);
			path = Design;
			sourceTree = "<group>";
		};
		6C25AEA82A1A854700C119B1 /* Components */ = {
			isa = PBXGroup;
			children = (
				6C25AEBF2A1A9B2C00C119B1 /* Toast.swift */,
				6C25AEF72A1B655F00C119B1 /* Error */,
				6C25AEA92A1A855200C119B1 /* News */,
			);
			path = Components;
			sourceTree = "<group>";
		};
		6C25AEA92A1A855200C119B1 /* News */ = {
			isa = PBXGroup;
			children = (
				6C25AEAA2A1A855F00C119B1 /* NewsRow.swift */,
			);
			path = News;
			sourceTree = "<group>";
		};
		6C25AEB32A1A98DE00C119B1 /* UI */ = {
			isa = PBXGroup;
			children = (
				6C25AEB72A1A992C00C119B1 /* Extension */,
				6C25AEB42A1A98E700C119B1 /* Primitive */,
				6C25AEBA2A1A99D700C119B1 /* Symbol */,
			);
			path = UI;
			sourceTree = "<group>";
		};
		6C25AEB42A1A98E700C119B1 /* Primitive */ = {
			isa = PBXGroup;
			children = (
				6C25AEC72A1A9C7500C119B1 /* CornerRadiusPrimitive.swift */,
				6C25AEB52A1A98F300C119B1 /* FramePrimitive.swift */,
				6C25AEC52A1A9C1100C119B1 /* MarginPrimitive.swift */,
				6C25AEC12A1A9B9600C119B1 /* SpacingPrimitive.swift */,
			);
			path = Primitive;
			sourceTree = "<group>";
		};
		6C25AEB72A1A992C00C119B1 /* Extension */ = {
			isa = PBXGroup;
			children = (
				6C25AEC32A1A9BCC00C119B1 /* HStack.swift */,
				6C25AEBD2A1A9A0700C119B1 /* Image.swift */,
				6C25AEC92A1A9C8700C119B1 /* RoundedRectangle.swift */,
				6C25AEB82A1A993C00C119B1 /* View.swift */,
				6C25AEF22A1ABECE00C119B1 /* VStack.swift */,
			);
			path = Extension;
			sourceTree = "<group>";
		};
		6C25AEBA2A1A99D700C119B1 /* Symbol */ = {
			isa = PBXGroup;
			children = (
				6C25AEBB2A1A99E300C119B1 /* Symbol.swift */,
			);
			path = Symbol;
			sourceTree = "<group>";
		};
		6C25AED32A1AB1FA00C119B1 /* Generated */ = {
			isa = PBXGroup;
			children = (
				6C25AEF02A1ABDF900C119B1 /* Assets.swift */,
				6C25AEEE2A1ABACF00C119B1 /* Colors.swift */,
				6C25AEDB2A1AB79D00C119B1 /* Strings.swift */,
			);
			path = Generated;
			sourceTree = "<group>";
		};
		6C25AEF72A1B655F00C119B1 /* Error */ = {
			isa = PBXGroup;
			children = (
				6C25AEF82A1B657300C119B1 /* ErrorFormat.swift */,
			);
			path = Error;
			sourceTree = "<group>";
		};
		6C25AF002A1B69C700C119B1 /* Common */ = {
			isa = PBXGroup;
			children = (
				6C25AF052A1B6A2800C119B1 /* TestObjectFactory.swift */,
			);
			path = Common;
			sourceTree = "<group>";
		};
		6C25AF012A1B69DE00C119B1 /* Mock */ = {
			isa = PBXGroup;
			children = (
				6C25AF202A1B78B300C119B1 /* Design */,
				6C25AF072A1B6BE800C119B1 /* Model */,
				6C25AF1C2A1B742100C119B1 /* Scenes */,
				6C25AF0D2A1B6C7B00C119B1 /* Services */,
				6C25AF132A1B6E3600C119B1 /* Workers */,
			);
			path = Mock;
			sourceTree = "<group>";
		};
		6C25AF022A1B69E700C119B1 /* Scenes */ = {
			isa = PBXGroup;
			children = (
				6C25AF192A1B73B400C119B1 /* Articles */,
			);
			path = Scenes;
			sourceTree = "<group>";
		};
		6C25AF032A1B69ED00C119B1 /* Services */ = {
			isa = PBXGroup;
			children = (
			);
			path = Services;
			sourceTree = "<group>";
		};
		6C25AF042A1B69F400C119B1 /* Workers */ = {
			isa = PBXGroup;
			children = (
			);
			path = Workers;
			sourceTree = "<group>";
		};
		6C25AF072A1B6BE800C119B1 /* Model */ = {
			isa = PBXGroup;
			children = (
				6C25AF082A1B6BF400C119B1 /* TestError.swift */,
				6C25AF0A2A1B6C0A00C119B1 /* Article */,
				6C25AF242A1B7A7700C119B1 /* Foundation */,
			);
			path = Model;
			sourceTree = "<group>";
		};
		6C25AF0A2A1B6C0A00C119B1 /* Article */ = {
			isa = PBXGroup;
			children = (
				6C25AF0B2A1B6C1600C119B1 /* Article.swift */,
				6C25AF112A1B6DC100C119B1 /* ArticleSource.swift */,
			);
			path = Article;
			sourceTree = "<group>";
		};
		6C25AF0D2A1B6C7B00C119B1 /* Services */ = {
			isa = PBXGroup;
			children = (
				6C25AF0E2A1B6C8D00C119B1 /* Network */,
			);
			path = Services;
			sourceTree = "<group>";
		};
		6C25AF0E2A1B6C8D00C119B1 /* Network */ = {
			isa = PBXGroup;
			children = (
				6C25AF0F2A1B6CC600C119B1 /* ArticleNetworkServiceMock.swift */,
			);
			path = Network;
			sourceTree = "<group>";
		};
		6C25AF132A1B6E3600C119B1 /* Workers */ = {
			isa = PBXGroup;
			children = (
				6C25AF142A1B6E5F00C119B1 /* Article */,
			);
			path = Workers;
			sourceTree = "<group>";
		};
		6C25AF142A1B6E5F00C119B1 /* Article */ = {
			isa = PBXGroup;
			children = (
				6C25AF152A1B6EC100C119B1 /* ArticleWorkerDelegateMock.swift */,
				6C25AF172A1B6F1100C119B1 /* ArticleWorkerMock.swift */,
			);
			path = Article;
			sourceTree = "<group>";
		};
		6C25AF192A1B73B400C119B1 /* Articles */ = {
			isa = PBXGroup;
			children = (
				6C25AF1A2A1B73C500C119B1 /* ArticlesViewModelTests.swift */,
			);
			path = Articles;
			sourceTree = "<group>";
		};
		6C25AF1C2A1B742100C119B1 /* Scenes */ = {
			isa = PBXGroup;
			children = (
				6C25AF1D2A1B742D00C119B1 /* Articles */,
			);
			path = Scenes;
			sourceTree = "<group>";
		};
		6C25AF1D2A1B742D00C119B1 /* Articles */ = {
			isa = PBXGroup;
			children = (
				6C25AF1E2A1B745000C119B1 /* ArticlesRoutingMock.swift */,
			);
			path = Articles;
			sourceTree = "<group>";
		};
		6C25AF202A1B78B300C119B1 /* Design */ = {
			isa = PBXGroup;
			children = (
				6C25AF212A1B78BB00C119B1 /* Components */,
			);
			path = Design;
			sourceTree = "<group>";
		};
		6C25AF212A1B78BB00C119B1 /* Components */ = {
			isa = PBXGroup;
			children = (
				6C25AF222A1B78D400C119B1 /* Toast.swift */,
			);
			path = Components;
			sourceTree = "<group>";
		};
		6C25AF242A1B7A7700C119B1 /* Foundation */ = {
			isa = PBXGroup;
			children = (
				6C25AF252A1B7A8E00C119B1 /* URL.swift */,
			);
			path = Foundation;
			sourceTree = "<group>";
		};
/* End PBXGroup section */

/* Begin PBXNativeTarget section */
		6C25AE072A1519CB00C119B1 /* StudeoTest */ = {
			isa = PBXNativeTarget;
			buildConfigurationList = 6C25AE2D2A1519CC00C119B1 /* Build configuration list for PBXNativeTarget "StudeoTest" */;
			buildPhases = (
				6C25AEDA2A1AB68300C119B1 /* SwiftGen */,
				6C25AE042A1519CB00C119B1 /* Sources */,
				6C25AE052A1519CB00C119B1 /* Frameworks */,
				6C25AE062A1519CB00C119B1 /* Resources */,
			);
			buildRules = (
			);
			dependencies = (
			);
			name = StudeoTest;
			packageProductDependencies = (
				6C25AE4C2A16295A00C119B1 /* Swinject */,
				6C25AE522A162B0900C119B1 /* SwinjectAutoregistration */,
				6C25AE642A16341E00C119B1 /* Alamofire */,
				6C25AE8D2A165DDC00C119B1 /* Require */,
			);
			productName = StudeoTest;
			productReference = 6C25AE082A1519CB00C119B1 /* StudeoTest.app */;
			productType = "com.apple.product-type.application";
		};
		6C25AE182A1519CC00C119B1 /* StudeoTestTests */ = {
			isa = PBXNativeTarget;
			buildConfigurationList = 6C25AE302A1519CC00C119B1 /* Build configuration list for PBXNativeTarget "StudeoTestTests" */;
			buildPhases = (
				6C25AE152A1519CC00C119B1 /* Sources */,
				6C25AE162A1519CC00C119B1 /* Frameworks */,
				6C25AE172A1519CC00C119B1 /* Resources */,
			);
			buildRules = (
			);
			dependencies = (
				6C25AE1B2A1519CC00C119B1 /* PBXTargetDependency */,
			);
			name = StudeoTestTests;
			packageProductDependencies = (
				6C25AEFB2A1B699B00C119B1 /* InstantMock */,
				6C25AEFE2A1B69B900C119B1 /* OHHTTPStubs */,
			);
			productName = StudeoTestTests;
			productReference = 6C25AE192A1519CC00C119B1 /* StudeoTestTests.xctest */;
			productType = "com.apple.product-type.bundle.unit-test";
		};
/* End PBXNativeTarget section */

/* Begin PBXProject section */
		6C25AE002A1519CB00C119B1 /* Project object */ = {
			isa = PBXProject;
			attributes = {
				BuildIndependentTargetsInParallel = 1;
				LastSwiftUpdateCheck = 1430;
				LastUpgradeCheck = 1430;
				TargetAttributes = {
					6C25AE072A1519CB00C119B1 = {
						CreatedOnToolsVersion = 14.3;
					};
					6C25AE182A1519CC00C119B1 = {
						CreatedOnToolsVersion = 14.3;
						TestTargetID = 6C25AE072A1519CB00C119B1;
					};
				};
			};
			buildConfigurationList = 6C25AE032A1519CB00C119B1 /* Build configuration list for PBXProject "StudeoTest" */;
			compatibilityVersion = "Xcode 14.0";
			developmentRegion = en;
			hasScannedForEncodings = 0;
			knownRegions = (
				en,
				Base,
			);
			mainGroup = 6C25ADFF2A1519CB00C119B1;
			packageReferences = (
				6C25AE4B2A16295A00C119B1 /* XCRemoteSwiftPackageReference "Swinject" */,
				6C25AE4E2A16296600C119B1 /* XCRemoteSwiftPackageReference "SwinjectAutoregistration" */,
				6C25AE632A16341E00C119B1 /* XCRemoteSwiftPackageReference "Alamofire" */,
				6C25AE8C2A165DDC00C119B1 /* XCRemoteSwiftPackageReference "Require" */,
				6C25AEFA2A1B699B00C119B1 /* XCRemoteSwiftPackageReference "InstantMock" */,
				6C25AEFD2A1B69B900C119B1 /* XCRemoteSwiftPackageReference "OHHTTPStubs" */,
			);
			productRefGroup = 6C25AE092A1519CB00C119B1 /* Products */;
			projectDirPath = "";
			projectRoot = "";
			targets = (
				6C25AE072A1519CB00C119B1 /* StudeoTest */,
				6C25AE182A1519CC00C119B1 /* StudeoTestTests */,
			);
		};
/* End PBXProject section */

/* Begin PBXResourcesBuildPhase section */
		6C25AE062A1519CB00C119B1 /* Resources */ = {
			isa = PBXResourcesBuildPhase;
			buildActionMask = 2147483647;
			files = (
				6C25AE142A1519CC00C119B1 /* Preview Assets.xcassets in Resources */,
				6C25AEED2A1ABA4900C119B1 /* Colors.xcassets in Resources */,
				6C25AED62A1AB21900C119B1 /* Localizable.strings in Resources */,
				6C25AE102A1519CC00C119B1 /* Assets.xcassets in Resources */,
			);
			runOnlyForDeploymentPostprocessing = 0;
		};
		6C25AE172A1519CC00C119B1 /* Resources */ = {
			isa = PBXResourcesBuildPhase;
			buildActionMask = 2147483647;
			files = (
			);
			runOnlyForDeploymentPostprocessing = 0;
		};
/* End PBXResourcesBuildPhase section */

/* Begin PBXShellScriptBuildPhase section */
		6C25AEDA2A1AB68300C119B1 /* SwiftGen */ = {
			isa = PBXShellScriptBuildPhase;
			buildActionMask = 2147483647;
			files = (
			);
			inputFileListPaths = (
			);
			inputPaths = (
				"$(SRCROOT)/swiftgen.yml",
				"$(SRCROOT)/StudeoTest/Resources/en.lproj/Localizable.strings",
				"$(SRCROOT)/StudeoTest/Resources/Colors.xcassets",
				"$(SRCROOT)/StudeoTest/Resources/Assets.xcassets",
			);
			name = SwiftGen;
			outputFileListPaths = (
			);
			outputPaths = (
				StudeoTest/Resources/Generated/Strings.swift,
				StudeoTest/Resources/Generated/Colors.swift,
				StudeoTest/Resources/Generated/Assets.swift,
			);
			runOnlyForDeploymentPostprocessing = 0;
			shellPath = /bin/sh;
			shellScript = "./scripts/swiftgen.sh\n";
		};
/* End PBXShellScriptBuildPhase section */

/* Begin PBXSourcesBuildPhase section */
		6C25AE042A1519CB00C119B1 /* Sources */ = {
			isa = PBXSourcesBuildPhase;
			buildActionMask = 2147483647;
			files = (
				6C25AE7F2A16594100C119B1 /* ArticleNewsApiNetworkPayload.swift in Sources */,
				6C25AE842A165A5900C119B1 /* NewsSource.swift in Sources */,
				6C25AE9C2A1754C200C119B1 /* DefaultNewsWorker.swift in Sources */,
				6C25AEC42A1A9BCC00C119B1 /* HStack.swift in Sources */,
				6C25AE812A165A0D00C119B1 /* EverythingNewsApiNetworkPayload.swift in Sources */,
				6C25AEC62A1A9C1100C119B1 /* MarginPrimitive.swift in Sources */,
				6C25AE442A15270F00C119B1 /* CustomHostingController.swift in Sources */,
				6C25AEBC2A1A99E300C119B1 /* Symbol.swift in Sources */,
				6C25AE382A151AC400C119B1 /* AppDelegate.swift in Sources */,
				6C25AE9A2A17544D00C119B1 /* NewsWorker.swift in Sources */,
				6C25AE7B2A1656FE00C119B1 /* URL+network.swift in Sources */,
				6C25AEA12A177B5900C119B1 /* SearchGNewsNetworkPayload.swift in Sources */,
				6C25AEB92A1A993C00C119B1 /* View.swift in Sources */,
				6C25AE742A16359000C119B1 /* DefaultDecoderService.swift in Sources */,
				6C25AE902A165FDB00C119B1 /* NewsPath.swift in Sources */,
				6C25AE432A15270F00C119B1 /* ViewLifeCycle.swift in Sources */,
				6C25AE482A15277B00C119B1 /* NewsView.swift in Sources */,
				6C25AE952A16672500C119B1 /* ArrayDomainConversionStrategy.swift in Sources */,
				6C25AEA62A17852300C119B1 /* NewsMediastackNetworkPayload.swift in Sources */,
				6C25AEC02A1A9B2C00C119B1 /* Toast.swift in Sources */,
				6C25AEB62A1A98F300C119B1 /* FramePrimitive.swift in Sources */,
				6C25AE972A16673A00C119B1 /* ModelConvertible.swift in Sources */,
				6C25AEBE2A1A9A0700C119B1 /* Image.swift in Sources */,
				6C25AEF12A1ABDF900C119B1 /* Assets.swift in Sources */,
				6C25AEC22A1A9B9600C119B1 /* SpacingPrimitive.swift in Sources */,
				6C25AEDE2A1AB90A00C119B1 /* DateFormatter.swift in Sources */,
				6C25AE5E2A16334200C119B1 /* NetwotkClient.swift in Sources */,
				6C25AECC2A1A9DE500C119B1 /* Optional.swift in Sources */,
				6C25AE722A16356700C119B1 /* DecoderService.swift in Sources */,
				6C25AE4A2A1628E900C119B1 /* NewsViewModel.swift in Sources */,
				6C25AE6D2A1634FC00C119B1 /* DataRequest.swift in Sources */,
				6C25AEC82A1A9C7500C119B1 /* CornerRadiusPrimitive.swift in Sources */,
				6C25AEEF2A1ABACF00C119B1 /* Colors.swift in Sources */,
				6C25AE572A16312C00C119B1 /* Key.swift in Sources */,
				6C25AE8B2A165DCF00C119B1 /* URL.swift in Sources */,
				6C25AEF32A1ABECE00C119B1 /* VStack.swift in Sources */,
				6C25AECA2A1A9C8700C119B1 /* RoundedRectangle.swift in Sources */,
				6C25AED22A1AAF1400C119B1 /* NewsRouter.swift in Sources */,
				6C25AEDC2A1AB79D00C119B1 /* Strings.swift in Sources */,
				6C25AE6F2A16351800C119B1 /* NetworkError.swift in Sources */,
				6C25AE862A165A8000C119B1 /* NewsNetworkService.swift in Sources */,
				6C25AEF92A1B657300C119B1 /* ErrorFormat.swift in Sources */,
				6C25AE622A16337400C119B1 /* URLRequest.swift in Sources */,
				6C25AEA42A17848900C119B1 /* ArticleMediastackNetworkPayload.swift in Sources */,
				6C25AE502A1629F500C119B1 /* Container.swift in Sources */,
				6C25AE6A2A16349E00C119B1 /* EnvironmentStorage.swift in Sources */,
				6C25AE3A2A151AE300C119B1 /* SceneDelegate.swift in Sources */,
				6C25AE782A16549E00C119B1 /* NetworkErrorPayload.swift in Sources */,
				6C25AE602A16335300C119B1 /* NetworkPath.swift in Sources */,
				6C25AE922A16665F00C119B1 /* News.swift in Sources */,
				6C25AE882A165AE500C119B1 /* DefaultNewsNetworkService.swift in Sources */,
				6C25AEAB2A1A855F00C119B1 /* NewsRow.swift in Sources */,
				6C25AE9F2A176F8100C119B1 /* ArticleGNewsNetworkPayload.swift in Sources */,
			);
			runOnlyForDeploymentPostprocessing = 0;
		};
		6C25AE152A1519CC00C119B1 /* Sources */ = {
			isa = PBXSourcesBuildPhase;
			buildActionMask = 2147483647;
			files = (
				6C25AF092A1B6BF400C119B1 /* TestError.swift in Sources */,
				6C25AF122A1B6DC100C119B1 /* ArticleSource.swift in Sources */,
				6C25AF182A1B6F1100C119B1 /* ArticleWorkerMock.swift in Sources */,
				6C25AF102A1B6CC600C119B1 /* ArticleNetworkServiceMock.swift in Sources */,
				6C25AE1E2A1519CC00C119B1 /* StudeoTestTests.swift in Sources */,
				6C25AF1B2A1B73C500C119B1 /* ArticlesViewModelTests.swift in Sources */,
				6C25AF062A1B6A2800C119B1 /* TestObjectFactory.swift in Sources */,
				6C25AF0C2A1B6C1600C119B1 /* Article.swift in Sources */,
				6C25AF232A1B78D400C119B1 /* Toast.swift in Sources */,
				6C25AF162A1B6EC100C119B1 /* ArticleWorkerDelegateMock.swift in Sources */,
				6C25AF1F2A1B745000C119B1 /* ArticlesRoutingMock.swift in Sources */,
				6C25AF262A1B7A8E00C119B1 /* URL.swift in Sources */,
			);
			runOnlyForDeploymentPostprocessing = 0;
		};
/* End PBXSourcesBuildPhase section */

/* Begin PBXTargetDependency section */
		6C25AE1B2A1519CC00C119B1 /* PBXTargetDependency */ = {
			isa = PBXTargetDependency;
			target = 6C25AE072A1519CB00C119B1 /* StudeoTest */;
			targetProxy = 6C25AE1A2A1519CC00C119B1 /* PBXContainerItemProxy */;
		};
/* End PBXTargetDependency section */

/* Begin PBXVariantGroup section */
		6C25AED82A1AB21900C119B1 /* Localizable.strings */ = {
			isa = PBXVariantGroup;
			children = (
				6C25AED72A1AB21900C119B1 /* en */,
			);
			name = Localizable.strings;
			sourceTree = "<group>";
		};
/* End PBXVariantGroup section */

/* Begin XCBuildConfiguration section */
		6C25AE2B2A1519CC00C119B1 /* Debug */ = {
			isa = XCBuildConfiguration;
			buildSettings = {
				ALWAYS_SEARCH_USER_PATHS = NO;
				CLANG_ANALYZER_NONNULL = YES;
				CLANG_ANALYZER_NUMBER_OBJECT_CONVERSION = YES_AGGRESSIVE;
				CLANG_CXX_LANGUAGE_STANDARD = "gnu++20";
				CLANG_ENABLE_MODULES = YES;
				CLANG_ENABLE_OBJC_ARC = YES;
				CLANG_ENABLE_OBJC_WEAK = YES;
				CLANG_WARN_BLOCK_CAPTURE_AUTORELEASING = YES;
				CLANG_WARN_BOOL_CONVERSION = YES;
				CLANG_WARN_COMMA = YES;
				CLANG_WARN_CONSTANT_CONVERSION = YES;
				CLANG_WARN_DEPRECATED_OBJC_IMPLEMENTATIONS = YES;
				CLANG_WARN_DIRECT_OBJC_ISA_USAGE = YES_ERROR;
				CLANG_WARN_DOCUMENTATION_COMMENTS = YES;
				CLANG_WARN_EMPTY_BODY = YES;
				CLANG_WARN_ENUM_CONVERSION = YES;
				CLANG_WARN_INFINITE_RECURSION = YES;
				CLANG_WARN_INT_CONVERSION = YES;
				CLANG_WARN_NON_LITERAL_NULL_CONVERSION = YES;
				CLANG_WARN_OBJC_IMPLICIT_RETAIN_SELF = YES;
				CLANG_WARN_OBJC_LITERAL_CONVERSION = YES;
				CLANG_WARN_OBJC_ROOT_CLASS = YES_ERROR;
				CLANG_WARN_QUOTED_INCLUDE_IN_FRAMEWORK_HEADER = YES;
				CLANG_WARN_RANGE_LOOP_ANALYSIS = YES;
				CLANG_WARN_STRICT_PROTOTYPES = YES;
				CLANG_WARN_SUSPICIOUS_MOVE = YES;
				CLANG_WARN_UNGUARDED_AVAILABILITY = YES_AGGRESSIVE;
				CLANG_WARN_UNREACHABLE_CODE = YES;
				CLANG_WARN__DUPLICATE_METHOD_MATCH = YES;
				COPY_PHASE_STRIP = NO;
				DEBUG_INFORMATION_FORMAT = dwarf;
				ENABLE_STRICT_OBJC_MSGSEND = YES;
				ENABLE_TESTABILITY = YES;
				GCC_C_LANGUAGE_STANDARD = gnu11;
				GCC_DYNAMIC_NO_PIC = NO;
				GCC_NO_COMMON_BLOCKS = YES;
				GCC_OPTIMIZATION_LEVEL = 0;
				GCC_PREPROCESSOR_DEFINITIONS = (
					"DEBUG=1",
					"$(inherited)",
				);
				GCC_WARN_64_TO_32_BIT_CONVERSION = YES;
				GCC_WARN_ABOUT_RETURN_TYPE = YES_ERROR;
				GCC_WARN_UNDECLARED_SELECTOR = YES;
				GCC_WARN_UNINITIALIZED_AUTOS = YES_AGGRESSIVE;
				GCC_WARN_UNUSED_FUNCTION = YES;
				GCC_WARN_UNUSED_VARIABLE = YES;
				MTL_ENABLE_DEBUG_INFO = INCLUDE_SOURCE;
				MTL_FAST_MATH = YES;
				ONLY_ACTIVE_ARCH = YES;
				SWIFT_ACTIVE_COMPILATION_CONDITIONS = DEBUG;
				SWIFT_OPTIMIZATION_LEVEL = "-Onone";
			};
			name = Debug;
		};
		6C25AE2C2A1519CC00C119B1 /* Release */ = {
			isa = XCBuildConfiguration;
			buildSettings = {
				ALWAYS_SEARCH_USER_PATHS = NO;
				CLANG_ANALYZER_NONNULL = YES;
				CLANG_ANALYZER_NUMBER_OBJECT_CONVERSION = YES_AGGRESSIVE;
				CLANG_CXX_LANGUAGE_STANDARD = "gnu++20";
				CLANG_ENABLE_MODULES = YES;
				CLANG_ENABLE_OBJC_ARC = YES;
				CLANG_ENABLE_OBJC_WEAK = YES;
				CLANG_WARN_BLOCK_CAPTURE_AUTORELEASING = YES;
				CLANG_WARN_BOOL_CONVERSION = YES;
				CLANG_WARN_COMMA = YES;
				CLANG_WARN_CONSTANT_CONVERSION = YES;
				CLANG_WARN_DEPRECATED_OBJC_IMPLEMENTATIONS = YES;
				CLANG_WARN_DIRECT_OBJC_ISA_USAGE = YES_ERROR;
				CLANG_WARN_DOCUMENTATION_COMMENTS = YES;
				CLANG_WARN_EMPTY_BODY = YES;
				CLANG_WARN_ENUM_CONVERSION = YES;
				CLANG_WARN_INFINITE_RECURSION = YES;
				CLANG_WARN_INT_CONVERSION = YES;
				CLANG_WARN_NON_LITERAL_NULL_CONVERSION = YES;
				CLANG_WARN_OBJC_IMPLICIT_RETAIN_SELF = YES;
				CLANG_WARN_OBJC_LITERAL_CONVERSION = YES;
				CLANG_WARN_OBJC_ROOT_CLASS = YES_ERROR;
				CLANG_WARN_QUOTED_INCLUDE_IN_FRAMEWORK_HEADER = YES;
				CLANG_WARN_RANGE_LOOP_ANALYSIS = YES;
				CLANG_WARN_STRICT_PROTOTYPES = YES;
				CLANG_WARN_SUSPICIOUS_MOVE = YES;
				CLANG_WARN_UNGUARDED_AVAILABILITY = YES_AGGRESSIVE;
				CLANG_WARN_UNREACHABLE_CODE = YES;
				CLANG_WARN__DUPLICATE_METHOD_MATCH = YES;
				COPY_PHASE_STRIP = NO;
				DEBUG_INFORMATION_FORMAT = "dwarf-with-dsym";
				ENABLE_NS_ASSERTIONS = NO;
				ENABLE_STRICT_OBJC_MSGSEND = YES;
				GCC_C_LANGUAGE_STANDARD = gnu11;
				GCC_NO_COMMON_BLOCKS = YES;
				GCC_WARN_64_TO_32_BIT_CONVERSION = YES;
				GCC_WARN_ABOUT_RETURN_TYPE = YES_ERROR;
				GCC_WARN_UNDECLARED_SELECTOR = YES;
				GCC_WARN_UNINITIALIZED_AUTOS = YES_AGGRESSIVE;
				GCC_WARN_UNUSED_FUNCTION = YES;
				GCC_WARN_UNUSED_VARIABLE = YES;
				MTL_ENABLE_DEBUG_INFO = NO;
				MTL_FAST_MATH = YES;
				SWIFT_COMPILATION_MODE = wholemodule;
				SWIFT_OPTIMIZATION_LEVEL = "-O";
			};
			name = Release;
		};
		6C25AE2E2A1519CC00C119B1 /* Debug */ = {
			isa = XCBuildConfiguration;
			buildSettings = {
				ASSETCATALOG_COMPILER_APPICON_NAME = AppIcon;
				ASSETCATALOG_COMPILER_GLOBAL_ACCENT_COLOR_NAME = AccentColor;
				CODE_SIGN_ENTITLEMENTS = StudeoTest/StudeoTest.entitlements;
				CODE_SIGN_STYLE = Manual;
				CURRENT_PROJECT_VERSION = 1;
				DEVELOPMENT_ASSET_PATHS = "\"StudeoTest/Preview Content\"";
				DEVELOPMENT_TEAM = "";
				ENABLE_PREVIEWS = YES;
				GENERATE_INFOPLIST_FILE = YES;
				INFOPLIST_FILE = StudeoTest/Resources/Info.plist;
				INFOPLIST_KEY_UIApplicationSceneManifest_Generation = NO;
				"INFOPLIST_KEY_UIApplicationSceneManifest_Generation[sdk=iphoneos*]" = NO;
				"INFOPLIST_KEY_UIApplicationSceneManifest_Generation[sdk=iphonesimulator*]" = NO;
				"INFOPLIST_KEY_UIApplicationSupportsIndirectInputEvents[sdk=iphoneos*]" = YES;
				"INFOPLIST_KEY_UIApplicationSupportsIndirectInputEvents[sdk=iphonesimulator*]" = YES;
				"INFOPLIST_KEY_UILaunchScreen_Generation[sdk=iphoneos*]" = YES;
				"INFOPLIST_KEY_UILaunchScreen_Generation[sdk=iphonesimulator*]" = YES;
				"INFOPLIST_KEY_UIStatusBarStyle[sdk=iphoneos*]" = UIStatusBarStyleDefault;
				"INFOPLIST_KEY_UIStatusBarStyle[sdk=iphonesimulator*]" = UIStatusBarStyleDefault;
				INFOPLIST_KEY_UISupportedInterfaceOrientations_iPad = "UIInterfaceOrientationPortrait UIInterfaceOrientationPortraitUpsideDown UIInterfaceOrientationLandscapeLeft UIInterfaceOrientationLandscapeRight";
				INFOPLIST_KEY_UISupportedInterfaceOrientations_iPhone = "UIInterfaceOrientationPortrait UIInterfaceOrientationLandscapeLeft UIInterfaceOrientationLandscapeRight";
				IPHONEOS_DEPLOYMENT_TARGET = 16.4;
				LD_RUNPATH_SEARCH_PATHS = "@executable_path/Frameworks";
				"LD_RUNPATH_SEARCH_PATHS[sdk=macosx*]" = "@executable_path/../Frameworks";
				MACOSX_DEPLOYMENT_TARGET = 13.2;
				MARKETING_VERSION = 1.0;
				PRODUCT_BUNDLE_IDENTIFIER = com.kevinbudain.StudeoTest;
				PRODUCT_NAME = "$(TARGET_NAME)";
				PROVISIONING_PROFILE_SPECIFIER = "";
				SDKROOT = auto;
				SUPPORTED_PLATFORMS = "iphoneos iphonesimulator";
				SUPPORTS_MACCATALYST = NO;
				SUPPORTS_MAC_DESIGNED_FOR_IPHONE_IPAD = NO;
				SWIFT_EMIT_LOC_STRINGS = YES;
				SWIFT_VERSION = 5.0;
				TARGETED_DEVICE_FAMILY = 1;
			};
			name = Debug;
		};
		6C25AE2F2A1519CC00C119B1 /* Release */ = {
			isa = XCBuildConfiguration;
			buildSettings = {
				ASSETCATALOG_COMPILER_APPICON_NAME = AppIcon;
				ASSETCATALOG_COMPILER_GLOBAL_ACCENT_COLOR_NAME = AccentColor;
				CODE_SIGN_ENTITLEMENTS = StudeoTest/StudeoTest.entitlements;
				CODE_SIGN_STYLE = Manual;
				CURRENT_PROJECT_VERSION = 1;
				DEVELOPMENT_ASSET_PATHS = "\"StudeoTest/Preview Content\"";
				DEVELOPMENT_TEAM = "";
				ENABLE_PREVIEWS = YES;
				GENERATE_INFOPLIST_FILE = YES;
				INFOPLIST_FILE = StudeoTest/Resources/Info.plist;
				INFOPLIST_KEY_UIApplicationSceneManifest_Generation = NO;
				"INFOPLIST_KEY_UIApplicationSceneManifest_Generation[sdk=iphoneos*]" = NO;
				"INFOPLIST_KEY_UIApplicationSceneManifest_Generation[sdk=iphonesimulator*]" = NO;
				"INFOPLIST_KEY_UIApplicationSupportsIndirectInputEvents[sdk=iphoneos*]" = YES;
				"INFOPLIST_KEY_UIApplicationSupportsIndirectInputEvents[sdk=iphonesimulator*]" = YES;
				"INFOPLIST_KEY_UILaunchScreen_Generation[sdk=iphoneos*]" = YES;
				"INFOPLIST_KEY_UILaunchScreen_Generation[sdk=iphonesimulator*]" = YES;
				"INFOPLIST_KEY_UIStatusBarStyle[sdk=iphoneos*]" = UIStatusBarStyleDefault;
				"INFOPLIST_KEY_UIStatusBarStyle[sdk=iphonesimulator*]" = UIStatusBarStyleDefault;
				INFOPLIST_KEY_UISupportedInterfaceOrientations_iPad = "UIInterfaceOrientationPortrait UIInterfaceOrientationPortraitUpsideDown UIInterfaceOrientationLandscapeLeft UIInterfaceOrientationLandscapeRight";
				INFOPLIST_KEY_UISupportedInterfaceOrientations_iPhone = "UIInterfaceOrientationPortrait UIInterfaceOrientationLandscapeLeft UIInterfaceOrientationLandscapeRight";
				IPHONEOS_DEPLOYMENT_TARGET = 16.4;
				LD_RUNPATH_SEARCH_PATHS = "@executable_path/Frameworks";
				"LD_RUNPATH_SEARCH_PATHS[sdk=macosx*]" = "@executable_path/../Frameworks";
				MACOSX_DEPLOYMENT_TARGET = 13.2;
				MARKETING_VERSION = 1.0;
				PRODUCT_BUNDLE_IDENTIFIER = com.kevinbudain.StudeoTest;
				PRODUCT_NAME = "$(TARGET_NAME)";
				PROVISIONING_PROFILE_SPECIFIER = "";
				SDKROOT = auto;
				SUPPORTED_PLATFORMS = "iphoneos iphonesimulator";
				SUPPORTS_MACCATALYST = NO;
				SUPPORTS_MAC_DESIGNED_FOR_IPHONE_IPAD = NO;
				SWIFT_EMIT_LOC_STRINGS = YES;
				SWIFT_VERSION = 5.0;
				TARGETED_DEVICE_FAMILY = 1;
			};
			name = Release;
		};
		6C25AE312A1519CC00C119B1 /* Debug */ = {
			isa = XCBuildConfiguration;
			buildSettings = {
				ALWAYS_EMBED_SWIFT_STANDARD_LIBRARIES = YES;
				BUNDLE_LOADER = "$(TEST_HOST)";
				CODE_SIGN_STYLE = Automatic;
				CURRENT_PROJECT_VERSION = 1;
				GENERATE_INFOPLIST_FILE = YES;
				IPHONEOS_DEPLOYMENT_TARGET = 16.4;
				MACOSX_DEPLOYMENT_TARGET = 13.2;
				MARKETING_VERSION = 1.0;
				PRODUCT_BUNDLE_IDENTIFIER = com.kevinbudain.StudeoTestTests;
				PRODUCT_NAME = "$(TARGET_NAME)";
				SDKROOT = auto;
				SUPPORTED_PLATFORMS = "iphoneos iphonesimulator";
				SUPPORTS_MACCATALYST = NO;
				SUPPORTS_MAC_DESIGNED_FOR_IPHONE_IPAD = NO;
				SWIFT_EMIT_LOC_STRINGS = NO;
				SWIFT_VERSION = 5.0;
				TARGETED_DEVICE_FAMILY = 1;
				TEST_HOST = "$(BUILT_PRODUCTS_DIR)/StudeoTest.app/$(BUNDLE_EXECUTABLE_FOLDER_PATH)/StudeoTest";
			};
			name = Debug;
		};
		6C25AE322A1519CC00C119B1 /* Release */ = {
			isa = XCBuildConfiguration;
			buildSettings = {
				ALWAYS_EMBED_SWIFT_STANDARD_LIBRARIES = YES;
				BUNDLE_LOADER = "$(TEST_HOST)";
				CODE_SIGN_STYLE = Automatic;
				CURRENT_PROJECT_VERSION = 1;
				GENERATE_INFOPLIST_FILE = YES;
				IPHONEOS_DEPLOYMENT_TARGET = 16.4;
				MACOSX_DEPLOYMENT_TARGET = 13.2;
				MARKETING_VERSION = 1.0;
				PRODUCT_BUNDLE_IDENTIFIER = com.kevinbudain.StudeoTestTests;
				PRODUCT_NAME = "$(TARGET_NAME)";
				SDKROOT = auto;
				SUPPORTED_PLATFORMS = "iphoneos iphonesimulator";
				SUPPORTS_MACCATALYST = NO;
				SUPPORTS_MAC_DESIGNED_FOR_IPHONE_IPAD = NO;
				SWIFT_EMIT_LOC_STRINGS = NO;
				SWIFT_VERSION = 5.0;
				TARGETED_DEVICE_FAMILY = 1;
				TEST_HOST = "$(BUILT_PRODUCTS_DIR)/StudeoTest.app/$(BUNDLE_EXECUTABLE_FOLDER_PATH)/StudeoTest";
			};
			name = Release;
		};
/* End XCBuildConfiguration section */

/* Begin XCConfigurationList section */
		6C25AE032A1519CB00C119B1 /* Build configuration list for PBXProject "StudeoTest" */ = {
			isa = XCConfigurationList;
			buildConfigurations = (
				6C25AE2B2A1519CC00C119B1 /* Debug */,
				6C25AE2C2A1519CC00C119B1 /* Release */,
			);
			defaultConfigurationIsVisible = 0;
			defaultConfigurationName = Release;
		};
		6C25AE2D2A1519CC00C119B1 /* Build configuration list for PBXNativeTarget "StudeoTest" */ = {
			isa = XCConfigurationList;
			buildConfigurations = (
				6C25AE2E2A1519CC00C119B1 /* Debug */,
				6C25AE2F2A1519CC00C119B1 /* Release */,
			);
			defaultConfigurationIsVisible = 0;
			defaultConfigurationName = Release;
		};
		6C25AE302A1519CC00C119B1 /* Build configuration list for PBXNativeTarget "StudeoTestTests" */ = {
			isa = XCConfigurationList;
			buildConfigurations = (
				6C25AE312A1519CC00C119B1 /* Debug */,
				6C25AE322A1519CC00C119B1 /* Release */,
			);
			defaultConfigurationIsVisible = 0;
			defaultConfigurationName = Release;
		};
/* End XCConfigurationList section */

/* Begin XCRemoteSwiftPackageReference section */
		6C25AE4B2A16295A00C119B1 /* XCRemoteSwiftPackageReference "Swinject" */ = {
			isa = XCRemoteSwiftPackageReference;
			repositoryURL = "https://github.com/Swinject/Swinject";
			requirement = {
				kind = upToNextMajorVersion;
				minimumVersion = 2.0.0;
			};
		};
		6C25AE4E2A16296600C119B1 /* XCRemoteSwiftPackageReference "SwinjectAutoregistration" */ = {
			isa = XCRemoteSwiftPackageReference;
			repositoryURL = "https://github.com/Swinject/SwinjectAutoregistration";
			requirement = {
				kind = upToNextMajorVersion;
				minimumVersion = 2.0.0;
			};
		};
		6C25AE632A16341E00C119B1 /* XCRemoteSwiftPackageReference "Alamofire" */ = {
			isa = XCRemoteSwiftPackageReference;
			repositoryURL = "https://github.com/Alamofire/Alamofire";
			requirement = {
				kind = upToNextMajorVersion;
				minimumVersion = 5.0.0;
			};
		};
		6C25AE8C2A165DDC00C119B1 /* XCRemoteSwiftPackageReference "Require" */ = {
			isa = XCRemoteSwiftPackageReference;
			repositoryURL = "https://github.com/JohnSundell/Require.git";
			requirement = {
				kind = upToNextMajorVersion;
				minimumVersion = 2.0.0;
			};
		};
		6C25AEFA2A1B699B00C119B1 /* XCRemoteSwiftPackageReference "InstantMock" */ = {
			isa = XCRemoteSwiftPackageReference;
			repositoryURL = "https://github.com/pirishd/InstantMock";
			requirement = {
				kind = upToNextMajorVersion;
				minimumVersion = 2.0.0;
			};
		};
		6C25AEFD2A1B69B900C119B1 /* XCRemoteSwiftPackageReference "OHHTTPStubs" */ = {
			isa = XCRemoteSwiftPackageReference;
			repositoryURL = "https://github.com/AliSoftware/OHHTTPStubs";
			requirement = {
				kind = upToNextMajorVersion;
				minimumVersion = 9.0.0;
			};
		};
/* End XCRemoteSwiftPackageReference section */

/* Begin XCSwiftPackageProductDependency section */
		6C25AE4C2A16295A00C119B1 /* Swinject */ = {
			isa = XCSwiftPackageProductDependency;
			package = 6C25AE4B2A16295A00C119B1 /* XCRemoteSwiftPackageReference "Swinject" */;
			productName = Swinject;
		};
		6C25AE522A162B0900C119B1 /* SwinjectAutoregistration */ = {
			isa = XCSwiftPackageProductDependency;
			package = 6C25AE4E2A16296600C119B1 /* XCRemoteSwiftPackageReference "SwinjectAutoregistration" */;
			productName = SwinjectAutoregistration;
		};
		6C25AE642A16341E00C119B1 /* Alamofire */ = {
			isa = XCSwiftPackageProductDependency;
			package = 6C25AE632A16341E00C119B1 /* XCRemoteSwiftPackageReference "Alamofire" */;
			productName = Alamofire;
		};
		6C25AE8D2A165DDC00C119B1 /* Require */ = {
			isa = XCSwiftPackageProductDependency;
			package = 6C25AE8C2A165DDC00C119B1 /* XCRemoteSwiftPackageReference "Require" */;
			productName = Require;
		};
		6C25AEFB2A1B699B00C119B1 /* InstantMock */ = {
			isa = XCSwiftPackageProductDependency;
			package = 6C25AEFA2A1B699B00C119B1 /* XCRemoteSwiftPackageReference "InstantMock" */;
			productName = InstantMock;
		};
		6C25AEFE2A1B69B900C119B1 /* OHHTTPStubs */ = {
			isa = XCSwiftPackageProductDependency;
			package = 6C25AEFD2A1B69B900C119B1 /* XCRemoteSwiftPackageReference "OHHTTPStubs" */;
			productName = OHHTTPStubs;
		};
/* End XCSwiftPackageProductDependency section */
	};
	rootObject = 6C25AE002A1519CB00C119B1 /* Project object */;
}
